lockfileVersion: '9.0'

settings:
  autoInstallPeers: true
  excludeLinksFromLockfile: false

importers:

  .:
    devDependencies:
      agentation:
        specifier: ^2.3.3
        version: 2.3.3

packages:

  agentation@2.3.3:
    resolution: {integrity: sha512-AUZgFCdBQ/nAohlFsHByM9S2Dp7ECMNqVjlOke4hv/90v+wTiwrGladEkgWS60RDQp+CJ5p97meeCthYgTFlKQ==}
    peerDependencies:
      react: '>=18.0.0'
      react-dom: '>=18.0.0'
    peerDependenciesMeta:
      react:
        optional: true
      react-dom:
        optional: true

snapshots:

  agentation@2.3.3: {}
